
Microsoft Visual Studio Solution File, Format Version 12.00
# Visual Studio Version 17
VisualStudioVersion = 17.0.31919.166
MinimumVisualStudioVersion = 10.0.40219.1
Project("{9A19103F-16F7-4668-BE54-9A1E7A4F7556}") = "TeamTwo.WebShop.CustomerService.Api", "TeamTwo.WebShop.CustomerService.Api\TeamTwo.WebShop.CustomerService.Api.csproj", "{4362D5D5-0683-41EE-81FA-132D4F95EDAB}"
EndProject
Project("{9A19103F-16F7-4668-BE54-9A1E7A4F7556}") = "TeamTwo.WebShop.CustomerService.Domain", "TeamTwo.WebShop.CustomerService.Domain\TeamTwo.WebShop.CustomerService.Domain.csproj", "{02F71BC8-EDB4-41F9-99F5-D9C0527BB7DB}"
EndProject
Project("{9A19103F-16F7-4668-BE54-9A1E7A4F7556}") = "TeamTwo.WebShop.CustomerService.Infrastructure", "TeamTwo.WebShop.CustomerService.Infrastructure\TeamTwo.WebShop.CustomerService.Infrastructure.csproj", "{220047B1-394A-4686-9F78-F8117FE33CB5}"
EndProject
Project("{E53339B2-1760-4266-BCC7-CA923CBCF16C}") = "docker-compose", "docker-compose.dcproj", "{14462392-6E14-4A6C-B998-0EA1F56C031E}"
EndProject
Global
	GlobalSection(SolutionConfigurationPlatforms) = preSolution
		Debug|Any CPU = Debug|Any CPU
		Release|Any CPU = Release|Any CPU
	EndGlobalSection
	GlobalSection(ProjectConfigurationPlatforms) = postSolution
		{4362D5D5-0683-41EE-81FA-132D4F95EDAB}.Debug|Any CPU.ActiveCfg = Debug|Any CPU
		{4362D5D5-0683-41EE-81FA-132D4F95EDAB}.Debug|Any CPU.Build.0 = Debug|Any CPU
		{4362D5D5-0683-41EE-81FA-132D4F95EDAB}.Release|Any CPU.ActiveCfg = Release|Any CPU
		{4362D5D5-0683-41EE-81FA-132D4F95EDAB}.Release|Any CPU.Build.0 = Release|Any CPU
		{02F71BC8-EDB4-41F9-99F5-D9C0527BB7DB}.Debug|Any CPU.ActiveCfg = Debug|Any CPU
		{02F71BC8-EDB4-41F9-99F5-D9C0527BB7DB}.Debug|Any CPU.Build.0 = Debug|Any CPU
		{02F71BC8-EDB4-41F9-99F5-D9C0527BB7DB}.Release|Any CPU.ActiveCfg = Release|Any CPU
		{02F71BC8-EDB4-41F9-99F5-D9C0527BB7DB}.Release|Any CPU.Build.0 = Release|Any CPU
		{220047B1-394A-4686-9F78-F8117FE33CB5}.Debug|Any CPU.ActiveCfg = Debug|Any CPU
		{220047B1-394A-4686-9F78-F8117FE33CB5}.Debug|Any CPU.Build.0 = Debug|Any CPU
		{220047B1-394A-4686-9F78-F8117FE33CB5}.Release|Any CPU.ActiveCfg = Release|Any CPU
		{220047B1-394A-4686-9F78-F8117FE33CB5}.Release|Any CPU.Build.0 = Release|Any CPU
		{14462392-6E14-4A6C-B998-0EA1F56C031E}.Debug|Any CPU.ActiveCfg = Debug|Any CPU
		{14462392-6E14-4A6C-B998-0EA1F56C031E}.Debug|Any CPU.Build.0 = Debug|Any CPU
		{14462392-6E14-4A6C-B998-0EA1F56C031E}.Release|Any CPU.ActiveCfg = Release|Any CPU
		{14462392-6E14-4A6C-B998-0EA1F56C031E}.Release|Any CPU.Build.0 = Release|Any CPU
	EndGlobalSection
	GlobalSection(SolutionProperties) = preSolution
		HideSolutionNode = FALSE
	EndGlobalSection
	GlobalSection(ExtensibilityGlobals) = postSolution
		SolutionGuid = {26935623-E2EB-42E0-ADF7-488D3F788BE5}
	EndGlobalSection
EndGlobal
